
Microsoft Visual Studio Solution File, Format Version 12.00
# Visual Studio Version 17
VisualStudioVersion = 17.7.34024.191
MinimumVisualStudioVersion = 10.0.40219.1
Project("{FAE04EC0-301F-11D3-BF4B-00C04F79EFBC}") = "cameraCaptureApp", "cameraCaptureApp\cameraCaptureApp.csproj", "{80E86FD7-0C7B-4012-8DE7-88FBB5C0BE44}"
EndProject
Global
	GlobalSection(SolutionConfigurationPlatforms) = preSolution
		Debug|Any CPU = Debug|Any CPU
		Release|Any CPU = Release|Any CPU
	EndGlobalSection
	GlobalSection(ProjectConfigurationPlatforms) = postSolution
		{80E86FD7-0C7B-4012-8DE7-88FBB5C0BE44}.Debug|Any CPU.ActiveCfg = Debug|Any CPU
		{80E86FD7-0C7B-4012-8DE7-88FBB5C0BE44}.Debug|Any CPU.Build.0 = Debug|Any CPU
		{80E86FD7-0C7B-4012-8DE7-88FBB5C0BE44}.Release|Any CPU.ActiveCfg = Release|Any CPU
		{80E86FD7-0C7B-4012-8DE7-88FBB5C0BE44}.Release|Any CPU.Build.0 = Release|Any CPU
	EndGlobalSection
	GlobalSection(SolutionProperties) = preSolution
		HideSolutionNode = FALSE
	EndGlobalSection
	GlobalSection(ExtensibilityGlobals) = postSolution
		SolutionGuid = {82669881-948D-41A5-89DF-BC0B6C56EA1D}
	EndGlobalSection
EndGlobal
